
Microsoft Visual Studio Solution File, Format Version 12.00
# Visual Studio Version 17
VisualStudioVersion = 17.14.36221.1
MinimumVisualStudioVersion = 10.0.40219.1
Project("{8BC9CEB8-8B4A-11D0-8D11-00A0C91BC942}") = "PG3_2025", "PG3_2025\PG3_2025.vcxproj", "{E75EC981-A7ED-4B03-98D1-DC32A91A2A9D}"
EndProject
Project("{8BC9CEB8-8B4A-11D0-8D11-00A0C91BC942}") = "00_01", "00_01\00_01.vcxproj", "{C4D8E224-8826-4717-8B49-3A518EFC06F1}"
EndProject
Project("{2150E333-8FDC-42A3-9474-1A3956D46DE8}") = "ソリューション項目", "ソリューション項目", "{2022CB0F-8BAF-F49E-0C48-8EF4C96EC109}"
	ProjectSection(SolutionItems) = preProject
		.editorconfig = .editorconfig
	EndProjectSection
EndProject
Project("{8BC9CEB8-8B4A-11D0-8D11-00A0C91BC942}") = "01_01", "01_01\01_01.vcxproj", "{80E6B48F-6883-425F-9677-59287ABD0F69}"
EndProject
Project("{8BC9CEB8-8B4A-11D0-8D11-00A0C91BC942}") = "01_02", "01_02\01_02.vcxproj", "{7433CCA2-A676-4CF8-B212-0484B9D8DB58}"
EndProject
Project("{8BC9CEB8-8B4A-11D0-8D11-00A0C91BC942}") = "02_01", "02_01\02_01.vcxproj", "{A3CB9924-0546-42FA-8BCF-276D2AE2CF6B}"
EndProject
Project("{8BC9CEB8-8B4A-11D0-8D11-00A0C91BC942}") = "02_02", "02_02\02_02.vcxproj", "{18DB99C1-DDE9-44D6-A933-DBCBA84BEFDE}"
EndProject
Project("{8BC9CEB8-8B4A-11D0-8D11-00A0C91BC942}") = "02_03", "02_03\02_03.vcxproj", "{418C57BC-C527-4C4C-A0B2-AD96DB7BEF07}"
EndProject
Project("{8BC9CEB8-8B4A-11D0-8D11-00A0C91BC942}") = "02_04", "02_04\02_04.vcxproj", "{D6A6C7F8-42F4-4BD4-8061-2CB597DF4FC0}"
EndProject
Project("{8BC9CEB8-8B4A-11D0-8D11-00A0C91BC942}") = "03_01", "03_01\03_01.vcxproj", "{D5CA247D-AF66-4521-8E2D-9C55E1134E84}"
EndProject
Project("{8BC9CEB8-8B4A-11D0-8D11-00A0C91BC942}") = "03_02", "03_02\03_02.vcxproj", "{44D85615-47B2-4437-9470-00CE8F785B55}"
EndProject
Project("{8BC9CEB8-8B4A-11D0-8D11-00A0C91BC942}") = "03_03", "03_03\03_03.vcxproj", "{84FE66FA-6B51-4AE6-A26F-510A8F431D76}"
EndProject
Project("{8BC9CEB8-8B4A-11D0-8D11-00A0C91BC942}") = "03_04", "03_04\03_04.vcxproj", "{38C2A52F-41EE-4E70-8BB3-28E1B3CD5D11}"
EndProject
Project("{8BC9CEB8-8B4A-11D0-8D11-00A0C91BC942}") = "04_01", "04_01\04_01.vcxproj", "{7314EAF6-CF0A-47CB-B754-CA70FFF06870}"
EndProject
Project("{8BC9CEB8-8B4A-11D0-8D11-00A0C91BC942}") = "05_01", "05_01\05_01.vcxproj", "{594DD8E9-490D-4989-89BE-EC18968DB23C}"
EndProject
Project("{8BC9CEB8-8B4A-11D0-8D11-00A0C91BC942}") = "05_02", "05_02\05_02.vcxproj", "{56E97711-DE3C-4D56-A97B-2C83570EA8C7}"
EndProject
Project("{8BC9CEB8-8B4A-11D0-8D11-00A0C91BC942}") = "06_01", "06_01\06_01.vcxproj", "{54E591FE-45F6-4991-8AB2-399C85E7A846}"
EndProject
Project("{8BC9CEB8-8B4A-11D0-8D11-00A0C91BC942}") = "06_02", "06_02\06_02.vcxproj", "{A3452A94-008D-4FFC-9229-A6760E3A0DAE}"
EndProject
Global
	GlobalSection(SolutionConfigurationPlatforms) = preSolution
		Debug|x64 = Debug|x64
		Debug|x86 = Debug|x86
		Release|x64 = Release|x64
		Release|x86 = Release|x86
	EndGlobalSection
	GlobalSection(ProjectConfigurationPlatforms) = postSolution
		{E75EC981-A7ED-4B03-98D1-DC32A91A2A9D}.Debug|x64.ActiveCfg = Debug|x64
		{E75EC981-A7ED-4B03-98D1-DC32A91A2A9D}.Debug|x64.Build.0 = Debug|x64
		{E75EC981-A7ED-4B03-98D1-DC32A91A2A9D}.Debug|x86.ActiveCfg = Debug|Win32
		{E75EC981-A7ED-4B03-98D1-DC32A91A2A9D}.Debug|x86.Build.0 = Debug|Win32
		{E75EC981-A7ED-4B03-98D1-DC32A91A2A9D}.Release|x64.ActiveCfg = Release|x64
		{E75EC981-A7ED-4B03-98D1-DC32A91A2A9D}.Release|x64.Build.0 = Release|x64
		{E75EC981-A7ED-4B03-98D1-DC32A91A2A9D}.Release|x86.ActiveCfg = Release|Win32
		{E75EC981-A7ED-4B03-98D1-DC32A91A2A9D}.Release|x86.Build.0 = Release|Win32
		{C4D8E224-8826-4717-8B49-3A518EFC06F1}.Debug|x64.ActiveCfg = Debug|x64
		{C4D8E224-8826-4717-8B49-3A518EFC06F1}.Debug|x64.Build.0 = Debug|x64
		{C4D8E224-8826-4717-8B49-3A518EFC06F1}.Debug|x86.ActiveCfg = Debug|Win32
		{C4D8E224-8826-4717-8B49-3A518EFC06F1}.Debug|x86.Build.0 = Debug|Win32
		{C4D8E224-8826-4717-8B49-3A518EFC06F1}.Release|x64.ActiveCfg = Release|x64
		{C4D8E224-8826-4717-8B49-3A518EFC06F1}.Release|x64.Build.0 = Release|x64
		{C4D8E224-8826-4717-8B49-3A518EFC06F1}.Release|x86.ActiveCfg = Release|Win32
		{C4D8E224-8826-4717-8B49-3A518EFC06F1}.Release|x86.Build.0 = Release|Win32
		{80E6B48F-6883-425F-9677-59287ABD0F69}.Debug|x64.ActiveCfg = Debug|x64
		{80E6B48F-6883-425F-9677-59287ABD0F69}.Debug|x64.Build.0 = Debug|x64
		{80E6B48F-6883-425F-9677-59287ABD0F69}.Debug|x86.ActiveCfg = Debug|Win32
		{80E6B48F-6883-425F-9677-59287ABD0F69}.Debug|x86.Build.0 = Debug|Win32
		{80E6B48F-6883-425F-9677-59287ABD0F69}.Release|x64.ActiveCfg = Release|x64
		{80E6B48F-6883-425F-9677-59287ABD0F69}.Release|x64.Build.0 = Release|x64
		{80E6B48F-6883-425F-9677-59287ABD0F69}.Release|x86.ActiveCfg = Release|Win32
		{80E6B48F-6883-425F-9677-59287ABD0F69}.Release|x86.Build.0 = Release|Win32
		{7433CCA2-A676-4CF8-B212-0484B9D8DB58}.Debug|x64.ActiveCfg = Debug|x64
		{7433CCA2-A676-4CF8-B212-0484B9D8DB58}.Debug|x64.Build.0 = Debug|x64
		{7433CCA2-A676-4CF8-B212-0484B9D8DB58}.Debug|x86.ActiveCfg = Debug|Win32
		{7433CCA2-A676-4CF8-B212-0484B9D8DB58}.Debug|x86.Build.0 = Debug|Win32
		{7433CCA2-A676-4CF8-B212-0484B9D8DB58}.Release|x64.ActiveCfg = Release|x64
		{7433CCA2-A676-4CF8-B212-0484B9D8DB58}.Release|x64.Build.0 = Release|x64
		{7433CCA2-A676-4CF8-B212-0484B9D8DB58}.Release|x86.ActiveCfg = Release|Win32
		{7433CCA2-A676-4CF8-B212-0484B9D8DB58}.Release|x86.Build.0 = Release|Win32
		{A3CB9924-0546-42FA-8BCF-276D2AE2CF6B}.Debug|x64.ActiveCfg = Debug|x64
		{A3CB9924-0546-42FA-8BCF-276D2AE2CF6B}.Debug|x64.Build.0 = Debug|x64
		{A3CB9924-0546-42FA-8BCF-276D2AE2CF6B}.Debug|x86.ActiveCfg = Debug|Win32
		{A3CB9924-0546-42FA-8BCF-276D2AE2CF6B}.Debug|x86.Build.0 = Debug|Win32
		{A3CB9924-0546-42FA-8BCF-276D2AE2CF6B}.Release|x64.ActiveCfg = Release|x64
		{A3CB9924-0546-42FA-8BCF-276D2AE2CF6B}.Release|x64.Build.0 = Release|x64
		{A3CB9924-0546-42FA-8BCF-276D2AE2CF6B}.Release|x86.ActiveCfg = Release|Win32
		{A3CB9924-0546-42FA-8BCF-276D2AE2CF6B}.Release|x86.Build.0 = Release|Win32
		{18DB99C1-DDE9-44D6-A933-DBCBA84BEFDE}.Debug|x64.ActiveCfg = Debug|x64
		{18DB99C1-DDE9-44D6-A933-DBCBA84BEFDE}.Debug|x64.Build.0 = Debug|x64
		{18DB99C1-DDE9-44D6-A933-DBCBA84BEFDE}.Debug|x86.ActiveCfg = Debug|Win32
		{18DB99C1-DDE9-44D6-A933-DBCBA84BEFDE}.Debug|x86.Build.0 = Debug|Win32
		{18DB99C1-DDE9-44D6-A933-DBCBA84BEFDE}.Release|x64.ActiveCfg = Release|x64
		{18DB99C1-DDE9-44D6-A933-DBCBA84BEFDE}.Release|x64.Build.0 = Release|x64
		{18DB99C1-DDE9-44D6-A933-DBCBA84BEFDE}.Release|x86.ActiveCfg = Release|Win32
		{18DB99C1-DDE9-44D6-A933-DBCBA84BEFDE}.Release|x86.Build.0 = Release|Win32
		{418C57BC-C527-4C4C-A0B2-AD96DB7BEF07}.Debug|x64.ActiveCfg = Debug|x64
		{418C57BC-C527-4C4C-A0B2-AD96DB7BEF07}.Debug|x64.Build.0 = Debug|x64
		{418C57BC-C527-4C4C-A0B2-AD96DB7BEF07}.Debug|x86.ActiveCfg = Debug|Win32
		{418C57BC-C527-4C4C-A0B2-AD96DB7BEF07}.Debug|x86.Build.0 = Debug|Win32
		{418C57BC-C527-4C4C-A0B2-AD96DB7BEF07}.Release|x64.ActiveCfg = Release|x64
		{418C57BC-C527-4C4C-A0B2-AD96DB7BEF07}.Release|x64.Build.0 = Release|x64
		{418C57BC-C527-4C4C-A0B2-AD96DB7BEF07}.Release|x86.ActiveCfg = Release|Win32
		{418C57BC-C527-4C4C-A0B2-AD96DB7BEF07}.Release|x86.Build.0 = Release|Win32
		{D6A6C7F8-42F4-4BD4-8061-2CB597DF4FC0}.Debug|x64.ActiveCfg = Debug|x64
		{D6A6C7F8-42F4-4BD4-8061-2CB597DF4FC0}.Debug|x64.Build.0 = Debug|x64
		{D6A6C7F8-42F4-4BD4-8061-2CB597DF4FC0}.Debug|x86.ActiveCfg = Debug|Win32
		{D6A6C7F8-42F4-4BD4-8061-2CB597DF4FC0}.Debug|x86.Build.0 = Debug|Win32
		{D6A6C7F8-42F4-4BD4-8061-2CB597DF4FC0}.Release|x64.ActiveCfg = Release|x64
		{D6A6C7F8-42F4-4BD4-8061-2CB597DF4FC0}.Release|x64.Build.0 = Release|x64
		{D6A6C7F8-42F4-4BD4-8061-2CB597DF4FC0}.Release|x86.ActiveCfg = Release|Win32
		{D6A6C7F8-42F4-4BD4-8061-2CB597DF4FC0}.Release|x86.Build.0 = Release|Win32
		{D5CA247D-AF66-4521-8E2D-9C55E1134E84}.Debug|x64.ActiveCfg = Debug|x64
		{D5CA247D-AF66-4521-8E2D-9C55E1134E84}.Debug|x64.Build.0 = Debug|x64
		{D5CA247D-AF66-4521-8E2D-9C55E1134E84}.Debug|x86.ActiveCfg = Debug|Win32
		{D5CA247D-AF66-4521-8E2D-9C55E1134E84}.Debug|x86.Build.0 = Debug|Win32
		{D5CA247D-AF66-4521-8E2D-9C55E1134E84}.Release|x64.ActiveCfg = Release|x64
		{D5CA247D-AF66-4521-8E2D-9C55E1134E84}.Release|x64.Build.0 = Release|x64
		{D5CA247D-AF66-4521-8E2D-9C55E1134E84}.Release|x86.ActiveCfg = Release|Win32
		{D5CA247D-AF66-4521-8E2D-9C55E1134E84}.Release|x86.Build.0 = Release|Win32
		{44D85615-47B2-4437-9470-00CE8F785B55}.Debug|x64.ActiveCfg = Debug|x64
		{44D85615-47B2-4437-9470-00CE8F785B55}.Debug|x64.Build.0 = Debug|x64
		{44D85615-47B2-4437-9470-00CE8F785B55}.Debug|x86.ActiveCfg = Debug|Win32
		{44D85615-47B2-4437-9470-00CE8F785B55}.Debug|x86.Build.0 = Debug|Win32
		{44D85615-47B2-4437-9470-00CE8F785B55}.Release|x64.ActiveCfg = Release|x64
		{44D85615-47B2-4437-9470-00CE8F785B55}.Release|x64.Build.0 = Release|x64
		{44D85615-47B2-4437-9470-00CE8F785B55}.Release|x86.ActiveCfg = Release|Win32
		{44D85615-47B2-4437-9470-00CE8F785B55}.Release|x86.Build.0 = Release|Win32
		{84FE66FA-6B51-4AE6-A26F-510A8F431D76}.Debug|x64.ActiveCfg = Debug|x64
		{84FE66FA-6B51-4AE6-A26F-510A8F431D76}.Debug|x64.Build.0 = Debug|x64
		{84FE66FA-6B51-4AE6-A26F-510A8F431D76}.Debug|x86.ActiveCfg = Debug|Win32
		{84FE66FA-6B51-4AE6-A26F-510A8F431D76}.Debug|x86.Build.0 = Debug|Win32
		{84FE66FA-6B51-4AE6-A26F-510A8F431D76}.Release|x64.ActiveCfg = Release|x64
		{84FE66FA-6B51-4AE6-A26F-510A8F431D76}.Release|x64.Build.0 = Release|x64
		{84FE66FA-6B51-4AE6-A26F-510A8F431D76}.Release|x86.ActiveCfg = Release|Win32
		{84FE66FA-6B51-4AE6-A26F-510A8F431D76}.Release|x86.Build.0 = Release|Win32
		{38C2A52F-41EE-4E70-8BB3-28E1B3CD5D11}.Debug|x64.ActiveCfg = Debug|x64
		{38C2A52F-41EE-4E70-8BB3-28E1B3CD5D11}.Debug|x64.Build.0 = Debug|x64
		{38C2A52F-41EE-4E70-8BB3-28E1B3CD5D11}.Debug|x86.ActiveCfg = Debug|Win32
		{38C2A52F-41EE-4E70-8BB3-28E1B3CD5D11}.Debug|x86.Build.0 = Debug|Win32
		{38C2A52F-41EE-4E70-8BB3-28E1B3CD5D11}.Release|x64.ActiveCfg = Release|x64
		{38C2A52F-41EE-4E70-8BB3-28E1B3CD5D11}.Release|x64.Build.0 = Release|x64
		{38C2A52F-41EE-4E70-8BB3-28E1B3CD5D11}.Release|x86.ActiveCfg = Release|Win32
		{38C2A52F-41EE-4E70-8BB3-28E1B3CD5D11}.Release|x86.Build.0 = Release|Win32
		{7314EAF6-CF0A-47CB-B754-CA70FFF06870}.Debug|x64.ActiveCfg = Debug|x64
		{7314EAF6-CF0A-47CB-B754-CA70FFF06870}.Debug|x64.Build.0 = Debug|x64
		{7314EAF6-CF0A-47CB-B754-CA70FFF06870}.Debug|x86.ActiveCfg = Debug|x64
		{7314EAF6-CF0A-47CB-B754-CA70FFF06870}.Debug|x86.Build.0 = Debug|x64
		{7314EAF6-CF0A-47CB-B754-CA70FFF06870}.Release|x64.ActiveCfg = Release|x64
		{7314EAF6-CF0A-47CB-B754-CA70FFF06870}.Release|x64.Build.0 = Release|x64
		{7314EAF6-CF0A-47CB-B754-CA70FFF06870}.Release|x86.ActiveCfg = Release|x64
		{7314EAF6-CF0A-47CB-B754-CA70FFF06870}.Release|x86.Build.0 = Release|x64
		{594DD8E9-490D-4989-89BE-EC18968DB23C}.Debug|x64.ActiveCfg = Debug|x64
		{594DD8E9-490D-4989-89BE-EC18968DB23C}.Debug|x64.Build.0 = Debug|x64
		{594DD8E9-490D-4989-89BE-EC18968DB23C}.Debug|x86.ActiveCfg = Debug|x64
		{594DD8E9-490D-4989-89BE-EC18968DB23C}.Debug|x86.Build.0 = Debug|x64
		{594DD8E9-490D-4989-89BE-EC18968DB23C}.Release|x64.ActiveCfg = Release|x64
		{594DD8E9-490D-4989-89BE-EC18968DB23C}.Release|x64.Build.0 = Release|x64
		{594DD8E9-490D-4989-89BE-EC18968DB23C}.Release|x86.ActiveCfg = Release|x64
		{594DD8E9-490D-4989-89BE-EC18968DB23C}.Release|x86.Build.0 = Release|x64
		{56E97711-DE3C-4D56-A97B-2C83570EA8C7}.Debug|x64.ActiveCfg = Debug|x64
		{56E97711-DE3C-4D56-A97B-2C83570EA8C7}.Debug|x64.Build.0 = Debug|x64
		{56E97711-DE3C-4D56-A97B-2C83570EA8C7}.Debug|x86.ActiveCfg = Debug|x64
		{56E97711-DE3C-4D56-A97B-2C83570EA8C7}.Debug|x86.Build.0 = Debug|x64
		{56E97711-DE3C-4D56-A97B-2C83570EA8C7}.Release|x64.ActiveCfg = Release|x64
		{56E97711-DE3C-4D56-A97B-2C83570EA8C7}.Release|x64.Build.0 = Release|x64
		{56E97711-DE3C-4D56-A97B-2C83570EA8C7}.Release|x86.ActiveCfg = Release|x64
		{56E97711-DE3C-4D56-A97B-2C83570EA8C7}.Release|x86.Build.0 = Release|x64
		{54E591FE-45F6-4991-8AB2-399C85E7A846}.Debug|x64.ActiveCfg = Debug|x64
		{54E591FE-45F6-4991-8AB2-399C85E7A846}.Debug|x64.Build.0 = Debug|x64
		{54E591FE-45F6-4991-8AB2-399C85E7A846}.Debug|x86.ActiveCfg = Debug|Win32
		{54E591FE-45F6-4991-8AB2-399C85E7A846}.Debug|x86.Build.0 = Debug|Win32
		{54E591FE-45F6-4991-8AB2-399C85E7A846}.Release|x64.ActiveCfg = Release|x64
		{54E591FE-45F6-4991-8AB2-399C85E7A846}.Release|x64.Build.0 = Release|x64
		{54E591FE-45F6-4991-8AB2-399C85E7A846}.Release|x86.ActiveCfg = Release|Win32
		{54E591FE-45F6-4991-8AB2-399C85E7A846}.Release|x86.Build.0 = Release|Win32
		{A3452A94-008D-4FFC-9229-A6760E3A0DAE}.Debug|x64.ActiveCfg = Debug|x64
		{A3452A94-008D-4FFC-9229-A6760E3A0DAE}.Debug|x64.Build.0 = Debug|x64
		{A3452A94-008D-4FFC-9229-A6760E3A0DAE}.Debug|x86.ActiveCfg = Debug|Win32
		{A3452A94-008D-4FFC-9229-A6760E3A0DAE}.Debug|x86.Build.0 = Debug|Win32
		{A3452A94-008D-4FFC-9229-A6760E3A0DAE}.Release|x64.ActiveCfg = Release|x64
		{A3452A94-008D-4FFC-9229-A6760E3A0DAE}.Release|x64.Build.0 = Release|x64
		{A3452A94-008D-4FFC-9229-A6760E3A0DAE}.Release|x86.ActiveCfg = Release|Win32
		{A3452A94-008D-4FFC-9229-A6760E3A0DAE}.Release|x86.Build.0 = Release|Win32
	EndGlobalSection
	GlobalSection(SolutionProperties) = preSolution
		HideSolutionNode = FALSE
	EndGlobalSection
	GlobalSection(ExtensibilityGlobals) = postSolution
		SolutionGuid = {B1FD156B-EFF9-4592-B99D-9E36B2D4C630}
	EndGlobalSection
EndGlobal
