
Microsoft Visual Studio Solution File, Format Version 12.00
# Visual Studio Version 17
VisualStudioVersion = 17.14.36221.1 d17.14
MinimumVisualStudioVersion = 10.0.40219.1
Project("{8BC9CEB8-8B4A-11D0-8D11-00A0C91BC942}") = "PG3_2025", "PG3_2025\PG3_2025.vcxproj", "{E75EC981-A7ED-4B03-98D1-DC32A91A2A9D}"
EndProject
Project("{8BC9CEB8-8B4A-11D0-8D11-00A0C91BC942}") = "00_01", "00_01\00_01.vcxproj", "{C4D8E224-8826-4717-8B49-3A518EFC06F1}"
EndProject
Project("{2150E333-8FDC-42A3-9474-1A3956D46DE8}") = "ソリューション項目", "ソリューション項目", "{2022CB0F-8BAF-F49E-0C48-8EF4C96EC109}"
	ProjectSection(SolutionItems) = preProject
		.editorconfig = .editorconfig
	EndProjectSection
EndProject
Project("{8BC9CEB8-8B4A-11D0-8D11-00A0C91BC942}") = "01_01", "01_01\01_01.vcxproj", "{80E6B48F-6883-425F-9677-59287ABD0F69}"
EndProject
Project("{8BC9CEB8-8B4A-11D0-8D11-00A0C91BC942}") = "01_02", "01_02\01_02.vcxproj", "{7433CCA2-A676-4CF8-B212-0484B9D8DB58}"
EndProject
Global
	GlobalSection(SolutionConfigurationPlatforms) = preSolution
		Debug|x64 = Debug|x64
		Debug|x86 = Debug|x86
		Release|x64 = Release|x64
		Release|x86 = Release|x86
	EndGlobalSection
	GlobalSection(ProjectConfigurationPlatforms) = postSolution
		{E75EC981-A7ED-4B03-98D1-DC32A91A2A9D}.Debug|x64.ActiveCfg = Debug|x64
		{E75EC981-A7ED-4B03-98D1-DC32A91A2A9D}.Debug|x64.Build.0 = Debug|x64
		{E75EC981-A7ED-4B03-98D1-DC32A91A2A9D}.Debug|x86.ActiveCfg = Debug|Win32
		{E75EC981-A7ED-4B03-98D1-DC32A91A2A9D}.Debug|x86.Build.0 = Debug|Win32
		{E75EC981-A7ED-4B03-98D1-DC32A91A2A9D}.Release|x64.ActiveCfg = Release|x64
		{E75EC981-A7ED-4B03-98D1-DC32A91A2A9D}.Release|x64.Build.0 = Release|x64
		{E75EC981-A7ED-4B03-98D1-DC32A91A2A9D}.Release|x86.ActiveCfg = Release|Win32
		{E75EC981-A7ED-4B03-98D1-DC32A91A2A9D}.Release|x86.Build.0 = Release|Win32
		{C4D8E224-8826-4717-8B49-3A518EFC06F1}.Debug|x64.ActiveCfg = Debug|x64
		{C4D8E224-8826-4717-8B49-3A518EFC06F1}.Debug|x64.Build.0 = Debug|x64
		{C4D8E224-8826-4717-8B49-3A518EFC06F1}.Debug|x86.ActiveCfg = Debug|Win32
		{C4D8E224-8826-4717-8B49-3A518EFC06F1}.Debug|x86.Build.0 = Debug|Win32
		{C4D8E224-8826-4717-8B49-3A518EFC06F1}.Release|x64.ActiveCfg = Release|x64
		{C4D8E224-8826-4717-8B49-3A518EFC06F1}.Release|x64.Build.0 = Release|x64
		{C4D8E224-8826-4717-8B49-3A518EFC06F1}.Release|x86.ActiveCfg = Release|Win32
		{C4D8E224-8826-4717-8B49-3A518EFC06F1}.Release|x86.Build.0 = Release|Win32
		{80E6B48F-6883-425F-9677-59287ABD0F69}.Debug|x64.ActiveCfg = Debug|x64
		{80E6B48F-6883-425F-9677-59287ABD0F69}.Debug|x64.Build.0 = Debug|x64
		{80E6B48F-6883-425F-9677-59287ABD0F69}.Debug|x86.ActiveCfg = Debug|Win32
		{80E6B48F-6883-425F-9677-59287ABD0F69}.Debug|x86.Build.0 = Debug|Win32
		{80E6B48F-6883-425F-9677-59287ABD0F69}.Release|x64.ActiveCfg = Release|x64
		{80E6B48F-6883-425F-9677-59287ABD0F69}.Release|x64.Build.0 = Release|x64
		{80E6B48F-6883-425F-9677-59287ABD0F69}.Release|x86.ActiveCfg = Release|Win32
		{80E6B48F-6883-425F-9677-59287ABD0F69}.Release|x86.Build.0 = Release|Win32
		{7433CCA2-A676-4CF8-B212-0484B9D8DB58}.Debug|x64.ActiveCfg = Debug|x64
		{7433CCA2-A676-4CF8-B212-0484B9D8DB58}.Debug|x64.Build.0 = Debug|x64
		{7433CCA2-A676-4CF8-B212-0484B9D8DB58}.Debug|x86.ActiveCfg = Debug|Win32
		{7433CCA2-A676-4CF8-B212-0484B9D8DB58}.Debug|x86.Build.0 = Debug|Win32
		{7433CCA2-A676-4CF8-B212-0484B9D8DB58}.Release|x64.ActiveCfg = Release|x64
		{7433CCA2-A676-4CF8-B212-0484B9D8DB58}.Release|x64.Build.0 = Release|x64
		{7433CCA2-A676-4CF8-B212-0484B9D8DB58}.Release|x86.ActiveCfg = Release|Win32
		{7433CCA2-A676-4CF8-B212-0484B9D8DB58}.Release|x86.Build.0 = Release|Win32
	EndGlobalSection
	GlobalSection(SolutionProperties) = preSolution
		HideSolutionNode = FALSE
	EndGlobalSection
	GlobalSection(ExtensibilityGlobals) = postSolution
		SolutionGuid = {B1FD156B-EFF9-4592-B99D-9E36B2D4C630}
	EndGlobalSection
EndGlobal
